
Microsoft Visual Studio Solution File, Format Version 12.00
# Visual Studio Version 16
VisualStudioVersion = 16.0.30204.135
MinimumVisualStudioVersion = 10.0.40219.1
Project("{9A19103F-16F7-4668-BE54-9A1E7A4F7556}") = "BioWorld.Domain", "BioWorld.Domain\BioWorld.Domain.csproj", "{E3CF4D05-D135-4444-82A1-EC0F86AB31BC}"
EndProject
Project("{9A19103F-16F7-4668-BE54-9A1E7A4F7556}") = "BioWorld.Infrastructure", "BioWorld.Infrastructure\BioWorld.Infrastructure.csproj", "{3B0549CB-1C03-4914-95B7-B506C51E1B62}"
EndProject
Project("{FAE04EC0-301F-11D3-BF4B-00C04F79EFBC}") = "BioWorld.BackEnd", "BioWorld.BackEnd\BioWorld.BackEnd.csproj", "{DCA3F841-F060-41E1-84F7-FE342486B97E}"
EndProject
Project("{FAE04EC0-301F-11D3-BF4B-00C04F79EFBC}") = "BioWorld.Application", "BioWorld.Application\BioWorld.Application.csproj", "{155EDCB0-8E0D-47D7-96D0-954D6D199933}"
EndProject
Global
	GlobalSection(SolutionConfigurationPlatforms) = preSolution
		Debug|Any CPU = Debug|Any CPU
		Release|Any CPU = Release|Any CPU
	EndGlobalSection
	GlobalSection(ProjectConfigurationPlatforms) = postSolution
		{E3CF4D05-D135-4444-82A1-EC0F86AB31BC}.Debug|Any CPU.ActiveCfg = Debug|Any CPU
		{E3CF4D05-D135-4444-82A1-EC0F86AB31BC}.Debug|Any CPU.Build.0 = Debug|Any CPU
		{E3CF4D05-D135-4444-82A1-EC0F86AB31BC}.Release|Any CPU.ActiveCfg = Release|Any CPU
		{E3CF4D05-D135-4444-82A1-EC0F86AB31BC}.Release|Any CPU.Build.0 = Release|Any CPU
		{3B0549CB-1C03-4914-95B7-B506C51E1B62}.Debug|Any CPU.ActiveCfg = Debug|Any CPU
		{3B0549CB-1C03-4914-95B7-B506C51E1B62}.Debug|Any CPU.Build.0 = Debug|Any CPU
		{3B0549CB-1C03-4914-95B7-B506C51E1B62}.Release|Any CPU.ActiveCfg = Release|Any CPU
		{3B0549CB-1C03-4914-95B7-B506C51E1B62}.Release|Any CPU.Build.0 = Release|Any CPU
		{DCA3F841-F060-41E1-84F7-FE342486B97E}.Debug|Any CPU.ActiveCfg = Debug|Any CPU
		{DCA3F841-F060-41E1-84F7-FE342486B97E}.Debug|Any CPU.Build.0 = Debug|Any CPU
		{DCA3F841-F060-41E1-84F7-FE342486B97E}.Release|Any CPU.ActiveCfg = Release|Any CPU
		{DCA3F841-F060-41E1-84F7-FE342486B97E}.Release|Any CPU.Build.0 = Release|Any CPU
		{155EDCB0-8E0D-47D7-96D0-954D6D199933}.Debug|Any CPU.ActiveCfg = Debug|Any CPU
		{155EDCB0-8E0D-47D7-96D0-954D6D199933}.Debug|Any CPU.Build.0 = Debug|Any CPU
		{155EDCB0-8E0D-47D7-96D0-954D6D199933}.Release|Any CPU.ActiveCfg = Release|Any CPU
		{155EDCB0-8E0D-47D7-96D0-954D6D199933}.Release|Any CPU.Build.0 = Release|Any CPU
	EndGlobalSection
	GlobalSection(SolutionProperties) = preSolution
		HideSolutionNode = FALSE
	EndGlobalSection
	GlobalSection(ExtensibilityGlobals) = postSolution
		SolutionGuid = {68FDF798-D288-454D-85BC-B573B028610A}
	EndGlobalSection
EndGlobal
